
Microsoft Visual Studio Solution File, Format Version 12.00
# Visual Studio Version 17
VisualStudioVersion = 17.2.32616.157
MinimumVisualStudioVersion = 10.0.40219.1
Project("{FAE04EC0-301F-11D3-BF4B-00C04F79EFBC}") = "WPF_GIT_4E", "WPF_GIT_4E\WPF_GIT_4E.csproj", "{7BDDED05-2DEA-4957-9B72-3E17AB96B1F3}"
EndProject
Global
	GlobalSection(SolutionConfigurationPlatforms) = preSolution
		Debug|Any CPU = Debug|Any CPU
		Release|Any CPU = Release|Any CPU
	EndGlobalSection
	GlobalSection(ProjectConfigurationPlatforms) = postSolution
		{7BDDED05-2DEA-4957-9B72-3E17AB96B1F3}.Debug|Any CPU.ActiveCfg = Debug|Any CPU
		{7BDDED05-2DEA-4957-9B72-3E17AB96B1F3}.Debug|Any CPU.Build.0 = Debug|Any CPU
		{7BDDED05-2DEA-4957-9B72-3E17AB96B1F3}.Release|Any CPU.ActiveCfg = Release|Any CPU
		{7BDDED05-2DEA-4957-9B72-3E17AB96B1F3}.Release|Any CPU.Build.0 = Release|Any CPU
	EndGlobalSection
	GlobalSection(SolutionProperties) = preSolution
		HideSolutionNode = FALSE
	EndGlobalSection
	GlobalSection(ExtensibilityGlobals) = postSolution
		SolutionGuid = {20E99D79-0AA2-40C6-B7FC-FB67ADA7B833}
	EndGlobalSection
EndGlobal
